
Microsoft Visual Studio Solution File, Format Version 12.00
# Visual Studio Version 16
VisualStudioVersion = 16.0.30517.126
MinimumVisualStudioVersion = 10.0.40219.1
Project("{FAE04EC0-301F-11D3-BF4B-00C04F79EFBC}") = "ExcelApp", "ExcelApp\ExcelApp.csproj", "{3685A041-B311-40D5-9C82-BC0D3F749545}"
EndProject
Project("{2150E333-8FDC-42A3-9474-1A3956D46DE8}") = "1.ExcelApplication", "1.ExcelApplication", "{8D0627F6-9BE7-4D5C-9E8F-BC138FE1E7A2}"
EndProject
Global
	GlobalSection(SolutionConfigurationPlatforms) = preSolution
		Debug|Any CPU = Debug|Any CPU
		Release|Any CPU = Release|Any CPU
	EndGlobalSection
	GlobalSection(ProjectConfigurationPlatforms) = postSolution
		{3685A041-B311-40D5-9C82-BC0D3F749545}.Debug|Any CPU.ActiveCfg = Debug|Any CPU
		{3685A041-B311-40D5-9C82-BC0D3F749545}.Debug|Any CPU.Build.0 = Debug|Any CPU
		{3685A041-B311-40D5-9C82-BC0D3F749545}.Release|Any CPU.ActiveCfg = Release|Any CPU
		{3685A041-B311-40D5-9C82-BC0D3F749545}.Release|Any CPU.Build.0 = Release|Any CPU
	EndGlobalSection
	GlobalSection(SolutionProperties) = preSolution
		HideSolutionNode = FALSE
	EndGlobalSection
	GlobalSection(NestedProjects) = preSolution
		{3685A041-B311-40D5-9C82-BC0D3F749545} = {8D0627F6-9BE7-4D5C-9E8F-BC138FE1E7A2}
	EndGlobalSection
	GlobalSection(ExtensibilityGlobals) = postSolution
		SolutionGuid = {83BD8ADC-F2FE-4936-96E1-851452F6D582}
	EndGlobalSection
EndGlobal
